// !$*UTF8*$!
{
	archiveVersion = 1;
	classes = {
	};
	objectVersion = 50;
	objects = {

/* Begin PBXBuildFile section */
		8A2689ACCA203453EC6AFC32 /* Pods_Beers.framework in Frameworks */ = {isa = PBXBuildFile; fileRef = A7F5DAE80C50C2B6833551B6 /* Pods_Beers.framework */; };
		8C39392521A061E200159BE3 /* BeerDetailViewController.swift in Sources */ = {isa = PBXBuildFile; fileRef = 8C39392421A061E200159BE3 /* BeerDetailViewController.swift */; };
		8C39392721A0662C00159BE3 /* DescriptionViewController.swift in Sources */ = {isa = PBXBuildFile; fileRef = 8C39392621A0662C00159BE3 /* DescriptionViewController.swift */; };
		8C39392921A0665E00159BE3 /* IngredientsViewController.swift in Sources */ = {isa = PBXBuildFile; fileRef = 8C39392821A0665E00159BE3 /* IngredientsViewController.swift */; };
		8C39392F21A07B3A00159BE3 /* ZoomViewController.swift in Sources */ = {isa = PBXBuildFile; fileRef = 8C39392E21A07B3A00159BE3 /* ZoomViewController.swift */; };
		8C39393621A08A3B00159BE3 /* ingredient.swift in Sources */ = {isa = PBXBuildFile; fileRef = 8C39393121A08A3A00159BE3 /* ingredient.swift */; };
		8C39393821A08A3B00159BE3 /* hops.swift in Sources */ = {isa = PBXBuildFile; fileRef = 8C39393321A08A3B00159BE3 /* hops.swift */; };
		8C39393921A08A3B00159BE3 /* malt.swift in Sources */ = {isa = PBXBuildFile; fileRef = 8C39393421A08A3B00159BE3 /* malt.swift */; };
		8C39393A21A08A3B00159BE3 /* PunkVO.swift in Sources */ = {isa = PBXBuildFile; fileRef = 8C39393521A08A3B00159BE3 /* PunkVO.swift */; };
		8C76136021A3154C006251D7 /* IngredientTableViewCell.swift in Sources */ = {isa = PBXBuildFile; fileRef = 8C76135E21A3154C006251D7 /* IngredientTableViewCell.swift */; };
		8C76136121A3154C006251D7 /* IngredientTableViewCell.xib in Resources */ = {isa = PBXBuildFile; fileRef = 8C76135F21A3154C006251D7 /* IngredientTableViewCell.xib */; };
		8CBF6C3621A04E7800A1B6F0 /* AppDelegate.swift in Sources */ = {isa = PBXBuildFile; fileRef = 8CBF6C3521A04E7800A1B6F0 /* AppDelegate.swift */; };
		8CBF6C3821A04E7800A1B6F0 /* ViewController.swift in Sources */ = {isa = PBXBuildFile; fileRef = 8CBF6C3721A04E7800A1B6F0 /* ViewController.swift */; };
		8CBF6C3B21A04E7800A1B6F0 /* Main.storyboard in Resources */ = {isa = PBXBuildFile; fileRef = 8CBF6C3921A04E7800A1B6F0 /* Main.storyboard */; };
		8CBF6C3D21A04E7A00A1B6F0 /* Assets.xcassets in Resources */ = {isa = PBXBuildFile; fileRef = 8CBF6C3C21A04E7A00A1B6F0 /* Assets.xcassets */; };
		8CBF6C4021A04E7A00A1B6F0 /* LaunchScreen.storyboard in Resources */ = {isa = PBXBuildFile; fileRef = 8CBF6C3E21A04E7A00A1B6F0 /* LaunchScreen.storyboard */; };
		8CBF6C4C21A050F900A1B6F0 /* BeerCollectionViewCell.swift in Sources */ = {isa = PBXBuildFile; fileRef = 8CBF6C4A21A050F900A1B6F0 /* BeerCollectionViewCell.swift */; };
		8CBF6C4D21A050F900A1B6F0 /* BeerCollectionViewCell.xib in Resources */ = {isa = PBXBuildFile; fileRef = 8CBF6C4B21A050F900A1B6F0 /* BeerCollectionViewCell.xib */; };
		8CBF6C4F21A056F500A1B6F0 /* CellRegisterUtil.swift in Sources */ = {isa = PBXBuildFile; fileRef = 8CBF6C4E21A056F500A1B6F0 /* CellRegisterUtil.swift */; };
		8CE613B521A3007100079153 /* Amount.swift in Sources */ = {isa = PBXBuildFile; fileRef = 8CE613B421A3007100079153 /* Amount.swift */; };
/* End PBXBuildFile section */

/* Begin PBXFileReference section */
		618D0574E1013229C8A79313 /* Pods-Beers.debug.xcconfig */ = {isa = PBXFileReference; includeInIndex = 1; lastKnownFileType = text.xcconfig; name = "Pods-Beers.debug.xcconfig"; path = "Target Support Files/Pods-Beers/Pods-Beers.debug.xcconfig"; sourceTree = "<group>"; };
		8C39392421A061E200159BE3 /* BeerDetailViewController.swift */ = {isa = PBXFileReference; lastKnownFileType = sourcecode.swift; path = BeerDetailViewController.swift; sourceTree = "<group>"; };
		8C39392621A0662C00159BE3 /* DescriptionViewController.swift */ = {isa = PBXFileReference; lastKnownFileType = sourcecode.swift; path = DescriptionViewController.swift; sourceTree = "<group>"; };
		8C39392821A0665E00159BE3 /* IngredientsViewController.swift */ = {isa = PBXFileReference; lastKnownFileType = sourcecode.swift; path = IngredientsViewController.swift; sourceTree = "<group>"; };
		8C39392E21A07B3A00159BE3 /* ZoomViewController.swift */ = {isa = PBXFileReference; lastKnownFileType = sourcecode.swift; path = ZoomViewController.swift; sourceTree = "<group>"; };
		8C39393121A08A3A00159BE3 /* ingredient.swift */ = {isa = PBXFileReference; fileEncoding = 4; lastKnownFileType = sourcecode.swift; path = ingredient.swift; sourceTree = "<group>"; };
		8C39393321A08A3B00159BE3 /* hops.swift */ = {isa = PBXFileReference; fileEncoding = 4; lastKnownFileType = sourcecode.swift; path = hops.swift; sourceTree = "<group>"; };
		8C39393421A08A3B00159BE3 /* malt.swift */ = {isa = PBXFileReference; fileEncoding = 4; lastKnownFileType = sourcecode.swift; path = malt.swift; sourceTree = "<group>"; };
		8C39393521A08A3B00159BE3 /* PunkVO.swift */ = {isa = PBXFileReference; fileEncoding = 4; lastKnownFileType = sourcecode.swift; path = PunkVO.swift; sourceTree = "<group>"; };
		8C76135E21A3154C006251D7 /* IngredientTableViewCell.swift */ = {isa = PBXFileReference; lastKnownFileType = sourcecode.swift; path = IngredientTableViewCell.swift; sourceTree = "<group>"; };
		8C76135F21A3154C006251D7 /* IngredientTableViewCell.xib */ = {isa = PBXFileReference; lastKnownFileType = file.xib; path = IngredientTableViewCell.xib; sourceTree = "<group>"; };
		8CBF6C3221A04E7800A1B6F0 /* Beers.app */ = {isa = PBXFileReference; explicitFileType = wrapper.application; includeInIndex = 0; path = Beers.app; sourceTree = BUILT_PRODUCTS_DIR; };
		8CBF6C3521A04E7800A1B6F0 /* AppDelegate.swift */ = {isa = PBXFileReference; lastKnownFileType = sourcecode.swift; path = AppDelegate.swift; sourceTree = "<group>"; };
		8CBF6C3721A04E7800A1B6F0 /* ViewController.swift */ = {isa = PBXFileReference; lastKnownFileType = sourcecode.swift; path = ViewController.swift; sourceTree = "<group>"; };
		8CBF6C3A21A04E7800A1B6F0 /* Base */ = {isa = PBXFileReference; lastKnownFileType = file.storyboard; name = Base; path = Base.lproj/Main.storyboard; sourceTree = "<group>"; };
		8CBF6C3C21A04E7A00A1B6F0 /* Assets.xcassets */ = {isa = PBXFileReference; lastKnownFileType = folder.assetcatalog; path = Assets.xcassets; sourceTree = "<group>"; };
		8CBF6C3F21A04E7A00A1B6F0 /* Base */ = {isa = PBXFileReference; lastKnownFileType = file.storyboard; name = Base; path = Base.lproj/LaunchScreen.storyboard; sourceTree = "<group>"; };
		8CBF6C4121A04E7A00A1B6F0 /* Info.plist */ = {isa = PBXFileReference; lastKnownFileType = text.plist.xml; path = Info.plist; sourceTree = "<group>"; };
		8CBF6C4A21A050F900A1B6F0 /* BeerCollectionViewCell.swift */ = {isa = PBXFileReference; lastKnownFileType = sourcecode.swift; path = BeerCollectionViewCell.swift; sourceTree = "<group>"; };
		8CBF6C4B21A050F900A1B6F0 /* BeerCollectionViewCell.xib */ = {isa = PBXFileReference; lastKnownFileType = file.xib; path = BeerCollectionViewCell.xib; sourceTree = "<group>"; };
		8CBF6C4E21A056F500A1B6F0 /* CellRegisterUtil.swift */ = {isa = PBXFileReference; lastKnownFileType = sourcecode.swift; path = CellRegisterUtil.swift; sourceTree = "<group>"; };
		8CE613B421A3007100079153 /* Amount.swift */ = {isa = PBXFileReference; lastKnownFileType = sourcecode.swift; path = Amount.swift; sourceTree = "<group>"; };
		9245BC1FA844DC228EC2F5E3 /* Pods-Beers.release.xcconfig */ = {isa = PBXFileReference; includeInIndex = 1; lastKnownFileType = text.xcconfig; name = "Pods-Beers.release.xcconfig"; path = "Target Support Files/Pods-Beers/Pods-Beers.release.xcconfig"; sourceTree = "<group>"; };
		A7F5DAE80C50C2B6833551B6 /* Pods_Beers.framework */ = {isa = PBXFileReference; explicitFileType = wrapper.framework; includeInIndex = 0; path = Pods_Beers.framework; sourceTree = BUILT_PRODUCTS_DIR; };
/* End PBXFileReference section */

/* Begin PBXFrameworksBuildPhase section */
		8CBF6C2F21A04E7800A1B6F0 /* Frameworks */ = {
			isa = PBXFrameworksBuildPhase;
			buildActionMask = 2147483647;
			files = (
				8A2689ACCA203453EC6AFC32 /* Pods_Beers.framework in Frameworks */,
			);
			runOnlyForDeploymentPostprocessing = 0;
		};
/* End PBXFrameworksBuildPhase section */

/* Begin PBXGroup section */
		35D37F8F1E799B7F6BBF1AAB /* Frameworks */ = {
			isa = PBXGroup;
			children = (
				A7F5DAE80C50C2B6833551B6 /* Pods_Beers.framework */,
			);
			name = Frameworks;
			sourceTree = "<group>";
		};
		8C39390521A0615800159BE3 /* viewcontroller */ = {
			isa = PBXGroup;
			children = (
				8CBF6C3721A04E7800A1B6F0 /* ViewController.swift */,
				8C39392421A061E200159BE3 /* BeerDetailViewController.swift */,
				8C39392621A0662C00159BE3 /* DescriptionViewController.swift */,
				8C39392821A0665E00159BE3 /* IngredientsViewController.swift */,
				8C39392E21A07B3A00159BE3 /* ZoomViewController.swift */,
			);
			path = viewcontroller;
			sourceTree = "<group>";
		};
		8C39393021A08A2A00159BE3 /* vos */ = {
			isa = PBXGroup;
			children = (
				8C39393321A08A3B00159BE3 /* hops.swift */,
				8C39393121A08A3A00159BE3 /* ingredient.swift */,
				8C39393421A08A3B00159BE3 /* malt.swift */,
				8C39393521A08A3B00159BE3 /* PunkVO.swift */,
				8CE613B421A3007100079153 /* Amount.swift */,
			);
			name = vos;
			path = "New Group";
			sourceTree = "<group>";
		};
		8CBF6C2921A04E7800A1B6F0 = {
			isa = PBXGroup;
			children = (
				8CBF6C3421A04E7800A1B6F0 /* Beers */,
				8CBF6C3321A04E7800A1B6F0 /* Products */,
				D96100ED3D8A6DC75D5D0667 /* Pods */,
				35D37F8F1E799B7F6BBF1AAB /* Frameworks */,
			);
			sourceTree = "<group>";
		};
		8CBF6C3321A04E7800A1B6F0 /* Products */ = {
			isa = PBXGroup;
			children = (
				8CBF6C3221A04E7800A1B6F0 /* Beers.app */,
			);
			name = Products;
			sourceTree = "<group>";
		};
		8CBF6C3421A04E7800A1B6F0 /* Beers */ = {
			isa = PBXGroup;
			children = (
				8C39393021A08A2A00159BE3 /* vos */,
				8C39390521A0615800159BE3 /* viewcontroller */,
				8CBF6C4921A050A100A1B6F0 /* cells */,
				8CBF6C3521A04E7800A1B6F0 /* AppDelegate.swift */,
				8CBF6C3921A04E7800A1B6F0 /* Main.storyboard */,
				8CBF6C3C21A04E7A00A1B6F0 /* Assets.xcassets */,
				8CBF6C3E21A04E7A00A1B6F0 /* LaunchScreen.storyboard */,
				8CBF6C4121A04E7A00A1B6F0 /* Info.plist */,
				8CBF6C4E21A056F500A1B6F0 /* CellRegisterUtil.swift */,
			);
			path = Beers;
			sourceTree = "<group>";
		};
		8CBF6C4921A050A100A1B6F0 /* cells */ = {
			isa = PBXGroup;
			children = (
				8CBF6C4A21A050F900A1B6F0 /* BeerCollectionViewCell.swift */,
				8CBF6C4B21A050F900A1B6F0 /* BeerCollectionViewCell.xib */,
				8C76135E21A3154C006251D7 /* IngredientTableViewCell.swift */,
				8C76135F21A3154C006251D7 /* IngredientTableViewCell.xib */,
			);
			path = cells;
			sourceTree = "<group>";
		};
		D96100ED3D8A6DC75D5D0667 /* Pods */ = {
			isa = PBXGroup;
			children = (
				618D0574E1013229C8A79313 /* Pods-Beers.debug.xcconfig */,
				9245BC1FA844DC228EC2F5E3 /* Pods-Beers.release.xcconfig */,
			);
			path = Pods;
			sourceTree = "<group>";
		};
/* End PBXGroup section */

/* Begin PBXNativeTarget section */
		8CBF6C3121A04E7800A1B6F0 /* Beers */ = {
			isa = PBXNativeTarget;
			buildConfigurationList = 8CBF6C4421A04E7A00A1B6F0 /* Build configuration list for PBXNativeTarget "Beers" */;
			buildPhases = (
				50F8C3CC083233FB2B46C62A /* [CP] Check Pods Manifest.lock */,
				8CBF6C2E21A04E7800A1B6F0 /* Sources */,
				8CBF6C2F21A04E7800A1B6F0 /* Frameworks */,
				8CBF6C3021A04E7800A1B6F0 /* Resources */,
				DC11C01F3FFA7C7E257DB3E1 /* [CP] Embed Pods Frameworks */,
			);
			buildRules = (
			);
			dependencies = (
			);
			name = Beers;
			productName = Beers;
			productReference = 8CBF6C3221A04E7800A1B6F0 /* Beers.app */;
			productType = "com.apple.product-type.application";
		};
/* End PBXNativeTarget section */

/* Begin PBXProject section */
		8CBF6C2A21A04E7800A1B6F0 /* Project object */ = {
			isa = PBXProject;
			attributes = {
				LastSwiftUpdateCheck = 1010;
				LastUpgradeCheck = 1010;
				ORGANIZATIONNAME = "Shwe Yi Tun";
				TargetAttributes = {
					8CBF6C3121A04E7800A1B6F0 = {
						CreatedOnToolsVersion = 10.1;
					};
				};
			};
			buildConfigurationList = 8CBF6C2D21A04E7800A1B6F0 /* Build configuration list for PBXProject "Beers" */;
			compatibilityVersion = "Xcode 9.3";
			developmentRegion = en;
			hasScannedForEncodings = 0;
			knownRegions = (
				en,
				Base,
			);
			mainGroup = 8CBF6C2921A04E7800A1B6F0;
			productRefGroup = 8CBF6C3321A04E7800A1B6F0 /* Products */;
			projectDirPath = "";
			projectRoot = "";
			targets = (
				8CBF6C3121A04E7800A1B6F0 /* Beers */,
			);
		};
/* End PBXProject section */

/* Begin PBXResourcesBuildPhase section */
		8CBF6C3021A04E7800A1B6F0 /* Resources */ = {
			isa = PBXResourcesBuildPhase;
			buildActionMask = 2147483647;
			files = (
				8C76136121A3154C006251D7 /* IngredientTableViewCell.xib in Resources */,
				8CBF6C4021A04E7A00A1B6F0 /* LaunchScreen.storyboard in Resources */,
				8CBF6C4D21A050F900A1B6F0 /* BeerCollectionViewCell.xib in Resources */,
				8CBF6C3D21A04E7A00A1B6F0 /* Assets.xcassets in Resources */,
				8CBF6C3B21A04E7800A1B6F0 /* Main.storyboard in Resources */,
			);
			runOnlyForDeploymentPostprocessing = 0;
		};
/* End PBXResourcesBuildPhase section */

/* Begin PBXShellScriptBuildPhase section */
		50F8C3CC083233FB2B46C62A /* [CP] Check Pods Manifest.lock */ = {
			isa = PBXShellScriptBuildPhase;
			buildActionMask = 2147483647;
			files = (
			);
			inputFileListPaths = (
			);
			inputPaths = (
				"${PODS_PODFILE_DIR_PATH}/Podfile.lock",
				"${PODS_ROOT}/Manifest.lock",
			);
			name = "[CP] Check Pods Manifest.lock";
			outputFileListPaths = (
			);
			outputPaths = (
				"$(DERIVED_FILE_DIR)/Pods-Beers-checkManifestLockResult.txt",
			);
			runOnlyForDeploymentPostprocessing = 0;
			shellPath = /bin/sh;
			shellScript = "diff \"${PODS_PODFILE_DIR_PATH}/Podfile.lock\" \"${PODS_ROOT}/Manifest.lock\" > /dev/null\nif [ $? != 0 ] ; then\n    # print error to STDERR\n    echo \"error: The sandbox is not in sync with the Podfile.lock. Run 'pod install' or update your CocoaPods installation.\" >&2\n    exit 1\nfi\n# This output is used by Xcode 'outputs' to avoid re-running this script phase.\necho \"SUCCESS\" > \"${SCRIPT_OUTPUT_FILE_0}\"\n";
			showEnvVarsInLog = 0;
		};
		DC11C01F3FFA7C7E257DB3E1 /* [CP] Embed Pods Frameworks */ = {
			isa = PBXShellScriptBuildPhase;
			buildActionMask = 2147483647;
			files = (
			);
			inputFileListPaths = (
			);
			inputPaths = (
				"${PODS_ROOT}/Target Support Files/Pods-Beers/Pods-Beers-frameworks.sh",
				"${BUILT_PRODUCTS_DIR}/Alamofire/Alamofire.framework",
				"${BUILT_PRODUCTS_DIR}/CarbonKit/CarbonKit.framework",
				"${BUILT_PRODUCTS_DIR}/SDWebImage/SDWebImage.framework",
				"${BUILT_PRODUCTS_DIR}/SwiftyJSON/SwiftyJSON.framework",
			);
			name = "[CP] Embed Pods Frameworks";
			outputFileListPaths = (
			);
			outputPaths = (
				"${TARGET_BUILD_DIR}/${FRAMEWORKS_FOLDER_PATH}/Alamofire.framework",
				"${TARGET_BUILD_DIR}/${FRAMEWORKS_FOLDER_PATH}/CarbonKit.framework",
				"${TARGET_BUILD_DIR}/${FRAMEWORKS_FOLDER_PATH}/SDWebImage.framework",
				"${TARGET_BUILD_DIR}/${FRAMEWORKS_FOLDER_PATH}/SwiftyJSON.framework",
			);
			runOnlyForDeploymentPostprocessing = 0;
			shellPath = /bin/sh;
			shellScript = "\"${PODS_ROOT}/Target Support Files/Pods-Beers/Pods-Beers-frameworks.sh\"\n";
			showEnvVarsInLog = 0;
		};
/* End PBXShellScriptBuildPhase section */

/* Begin PBXSourcesBuildPhase section */
		8CBF6C2E21A04E7800A1B6F0 /* Sources */ = {
			isa = PBXSourcesBuildPhase;
			buildActionMask = 2147483647;
			files = (
				8C39392F21A07B3A00159BE3 /* ZoomViewController.swift in Sources */,
				8C39393921A08A3B00159BE3 /* malt.swift in Sources */,
				8C76136021A3154C006251D7 /* IngredientTableViewCell.swift in Sources */,
				8CE613B521A3007100079153 /* Amount.swift in Sources */,
				8C39392521A061E200159BE3 /* BeerDetailViewController.swift in Sources */,
				8C39393821A08A3B00159BE3 /* hops.swift in Sources */,
				8CBF6C4F21A056F500A1B6F0 /* CellRegisterUtil.swift in Sources */,
				8C39393A21A08A3B00159BE3 /* PunkVO.swift in Sources */,
				8CBF6C3821A04E7800A1B6F0 /* ViewController.swift in Sources */,
				8C39392721A0662C00159BE3 /* DescriptionViewController.swift in Sources */,
				8C39392921A0665E00159BE3 /* IngredientsViewController.swift in Sources */,
				8CBF6C3621A04E7800A1B6F0 /* AppDelegate.swift in Sources */,
				8C39393621A08A3B00159BE3 /* ingredient.swift in Sources */,
				8CBF6C4C21A050F900A1B6F0 /* BeerCollectionViewCell.swift in Sources */,
			);
			runOnlyForDeploymentPostprocessing = 0;
		};
/* End PBXSourcesBuildPhase section */

/* Begin PBXVariantGroup section */
		8CBF6C3921A04E7800A1B6F0 /* Main.storyboard */ = {
			isa = PBXVariantGroup;
			children = (
				8CBF6C3A21A04E7800A1B6F0 /* Base */,
			);
			name = Main.storyboard;
			sourceTree = "<group>";
		};
		8CBF6C3E21A04E7A00A1B6F0 /* LaunchScreen.storyboard */ = {
			isa = PBXVariantGroup;
			children = (
				8CBF6C3F21A04E7A00A1B6F0 /* Base */,
			);
			name = LaunchScreen.storyboard;
			sourceTree = "<group>";
		};
/* End PBXVariantGroup section */

/* Begin XCBuildConfiguration section */
		8CBF6C4221A04E7A00A1B6F0 /* Debug */ = {
			isa = XCBuildConfiguration;
			buildSettings = {
				ALWAYS_SEARCH_USER_PATHS = NO;
				CLANG_ANALYZER_NONNULL = YES;
				CLANG_ANALYZER_NUMBER_OBJECT_CONVERSION = YES_AGGRESSIVE;
				CLANG_CXX_LANGUAGE_STANDARD = "gnu++14";
				CLANG_CXX_LIBRARY = "libc++";
				CLANG_ENABLE_MODULES = YES;
				CLANG_ENABLE_OBJC_ARC = YES;
				CLANG_ENABLE_OBJC_WEAK = YES;
				CLANG_WARN_BLOCK_CAPTURE_AUTORELEASING = YES;
				CLANG_WARN_BOOL_CONVERSION = YES;
				CLANG_WARN_COMMA = YES;
				CLANG_WARN_CONSTANT_CONVERSION = YES;
				CLANG_WARN_DEPRECATED_OBJC_IMPLEMENTATIONS = YES;
				CLANG_WARN_DIRECT_OBJC_ISA_USAGE = YES_ERROR;
				CLANG_WARN_DOCUMENTATION_COMMENTS = YES;
				CLANG_WARN_EMPTY_BODY = YES;
				CLANG_WARN_ENUM_CONVERSION = YES;
				CLANG_WARN_INFINITE_RECURSION = YES;
				CLANG_WARN_INT_CONVERSION = YES;
				CLANG_WARN_NON_LITERAL_NULL_CONVERSION = YES;
				CLANG_WARN_OBJC_IMPLICIT_RETAIN_SELF = YES;
				CLANG_WARN_OBJC_LITERAL_CONVERSION = YES;
				CLANG_WARN_OBJC_ROOT_CLASS = YES_ERROR;
				CLANG_WARN_RANGE_LOOP_ANALYSIS = YES;
				CLANG_WARN_STRICT_PROTOTYPES = YES;
				CLANG_WARN_SUSPICIOUS_MOVE = YES;
				CLANG_WARN_UNGUARDED_AVAILABILITY = YES_AGGRESSIVE;
				CLANG_WARN_UNREACHABLE_CODE = YES;
				CLANG_WARN__DUPLICATE_METHOD_MATCH = YES;
				CODE_SIGN_IDENTITY = "iPhone Developer";
				COPY_PHASE_STRIP = NO;
				DEBUG_INFORMATION_FORMAT = dwarf;
				ENABLE_STRICT_OBJC_MSGSEND = YES;
				ENABLE_TESTABILITY = YES;
				GCC_C_LANGUAGE_STANDARD = gnu11;
				GCC_DYNAMIC_NO_PIC = NO;
				GCC_NO_COMMON_BLOCKS = YES;
				GCC_OPTIMIZATION_LEVEL = 0;
				GCC_PREPROCESSOR_DEFINITIONS = (
					"DEBUG=1",
					"$(inherited)",
				);
				GCC_WARN_64_TO_32_BIT_CONVERSION = YES;
				GCC_WARN_ABOUT_RETURN_TYPE = YES_ERROR;
				GCC_WARN_UNDECLARED_SELECTOR = YES;
				GCC_WARN_UNINITIALIZED_AUTOS = YES_AGGRESSIVE;
				GCC_WARN_UNUSED_FUNCTION = YES;
				GCC_WARN_UNUSED_VARIABLE = YES;
				IPHONEOS_DEPLOYMENT_TARGET = 12.1;
				MTL_ENABLE_DEBUG_INFO = INCLUDE_SOURCE;
				MTL_FAST_MATH = YES;
				ONLY_ACTIVE_ARCH = YES;
				SDKROOT = iphoneos;
				SWIFT_ACTIVE_COMPILATION_CONDITIONS = DEBUG;
				SWIFT_OPTIMIZATION_LEVEL = "-Onone";
			};
			name = Debug;
		};
		8CBF6C4321A04E7A00A1B6F0 /* Release */ = {
			isa = XCBuildConfiguration;
			buildSettings = {
				ALWAYS_SEARCH_USER_PATHS = NO;
				CLANG_ANALYZER_NONNULL = YES;
				CLANG_ANALYZER_NUMBER_OBJECT_CONVERSION = YES_AGGRESSIVE;
				CLANG_CXX_LANGUAGE_STANDARD = "gnu++14";
				CLANG_CXX_LIBRARY = "libc++";
				CLANG_ENABLE_MODULES = YES;
				CLANG_ENABLE_OBJC_ARC = YES;
				CLANG_ENABLE_OBJC_WEAK = YES;
				CLANG_WARN_BLOCK_CAPTURE_AUTORELEASING = YES;
				CLANG_WARN_BOOL_CONVERSION = YES;
				CLANG_WARN_COMMA = YES;
				CLANG_WARN_CONSTANT_CONVERSION = YES;
				CLANG_WARN_DEPRECATED_OBJC_IMPLEMENTATIONS = YES;
				CLANG_WARN_DIRECT_OBJC_ISA_USAGE = YES_ERROR;
				CLANG_WARN_DOCUMENTATION_COMMENTS = YES;
				CLANG_WARN_EMPTY_BODY = YES;
				CLANG_WARN_ENUM_CONVERSION = YES;
				CLANG_WARN_INFINITE_RECURSION = YES;
				CLANG_WARN_INT_CONVERSION = YES;
				CLANG_WARN_NON_LITERAL_NULL_CONVERSION = YES;
				CLANG_WARN_OBJC_IMPLICIT_RETAIN_SELF = YES;
				CLANG_WARN_OBJC_LITERAL_CONVERSION = YES;
				CLANG_WARN_OBJC_ROOT_CLASS = YES_ERROR;
				CLANG_WARN_RANGE_LOOP_ANALYSIS = YES;
				CLANG_WARN_STRICT_PROTOTYPES = YES;
				CLANG_WARN_SUSPICIOUS_MOVE = YES;
				CLANG_WARN_UNGUARDED_AVAILABILITY = YES_AGGRESSIVE;
				CLANG_WARN_UNREACHABLE_CODE = YES;
				CLANG_WARN__DUPLICATE_METHOD_MATCH = YES;
				CODE_SIGN_IDENTITY = "iPhone Developer";
				COPY_PHASE_STRIP = NO;
				DEBUG_INFORMATION_FORMAT = "dwarf-with-dsym";
				ENABLE_NS_ASSERTIONS = NO;
				ENABLE_STRICT_OBJC_MSGSEND = YES;
				GCC_C_LANGUAGE_STANDARD = gnu11;
				GCC_NO_COMMON_BLOCKS = YES;
				GCC_WARN_64_TO_32_BIT_CONVERSION = YES;
				GCC_WARN_ABOUT_RETURN_TYPE = YES_ERROR;
				GCC_WARN_UNDECLARED_SELECTOR = YES;
				GCC_WARN_UNINITIALIZED_AUTOS = YES_AGGRESSIVE;
				GCC_WARN_UNUSED_FUNCTION = YES;
				GCC_WARN_UNUSED_VARIABLE = YES;
				IPHONEOS_DEPLOYMENT_TARGET = 12.1;
				MTL_ENABLE_DEBUG_INFO = NO;
				MTL_FAST_MATH = YES;
				SDKROOT = iphoneos;
				SWIFT_COMPILATION_MODE = wholemodule;
				SWIFT_OPTIMIZATION_LEVEL = "-O";
				VALIDATE_PRODUCT = YES;
			};
			name = Release;
		};
		8CBF6C4521A04E7A00A1B6F0 /* Debug */ = {
			isa = XCBuildConfiguration;
			baseConfigurationReference = 618D0574E1013229C8A79313 /* Pods-Beers.debug.xcconfig */;
			buildSettings = {
				ASSETCATALOG_COMPILER_APPICON_NAME = AppIcon;
				CODE_SIGN_STYLE = Automatic;
				DEVELOPMENT_TEAM = LUA29KCT7G;
				INFOPLIST_FILE = Beers/Info.plist;
				LD_RUNPATH_SEARCH_PATHS = (
					"$(inherited)",
					"@executable_path/Frameworks",
				);
				PRODUCT_BUNDLE_IDENTIFIER = com.padc.beerspunk;
				PRODUCT_NAME = "$(TARGET_NAME)";
				SWIFT_VERSION = 4.2;
				TARGETED_DEVICE_FAMILY = "1,2";
			};
			name = Debug;
		};
		8CBF6C4621A04E7A00A1B6F0 /* Release */ = {
			isa = XCBuildConfiguration;
			baseConfigurationReference = 9245BC1FA844DC228EC2F5E3 /* Pods-Beers.release.xcconfig */;
			buildSettings = {
				ASSETCATALOG_COMPILER_APPICON_NAME = AppIcon;
				CODE_SIGN_STYLE = Automatic;
				DEVELOPMENT_TEAM = LUA29KCT7G;
				INFOPLIST_FILE = Beers/Info.plist;
				LD_RUNPATH_SEARCH_PATHS = (
					"$(inherited)",
					"@executable_path/Frameworks",
				);
				PRODUCT_BUNDLE_IDENTIFIER = com.padc.beerspunk;
				PRODUCT_NAME = "$(TARGET_NAME)";
				SWIFT_VERSION = 4.2;
				TARGETED_DEVICE_FAMILY = "1,2";
			};
			name = Release;
		};
/* End XCBuildConfiguration section */

/* Begin XCConfigurationList section */
		8CBF6C2D21A04E7800A1B6F0 /* Build configuration list for PBXProject "Beers" */ = {
			isa = XCConfigurationList;
			buildConfigurations = (
				8CBF6C4221A04E7A00A1B6F0 /* Debug */,
				8CBF6C4321A04E7A00A1B6F0 /* Release */,
			);
			defaultConfigurationIsVisible = 0;
			defaultConfigurationName = Release;
		};
		8CBF6C4421A04E7A00A1B6F0 /* Build configuration list for PBXNativeTarget "Beers" */ = {
			isa = XCConfigurationList;
			buildConfigurations = (
				8CBF6C4521A04E7A00A1B6F0 /* Debug */,
				8CBF6C4621A04E7A00A1B6F0 /* Release */,
			);
			defaultConfigurationIsVisible = 0;
			defaultConfigurationName = Release;
		};
/* End XCConfigurationList section */
	};
	rootObject = 8CBF6C2A21A04E7800A1B6F0 /* Project object */;
}
